<?xml version="1.0" encoding="utf-8"?>
<Project ToolsVersion="4.0" xmlns="http://schemas.microsoft.com/developer/msbuild/2003">
  <ItemGroup>
    <Filter Include="exttype">
      <UniqueIdentifier>{56232fee-3c21-4156-9e18-a267e15defc0}</UniqueIdentifier>
    </Filter>
    <Filter Include="geom">
      <UniqueIdentifier>{c023172d-ffa8-44b3-bb30-96521d6afd52}</UniqueIdentifier>
    </Filter>
    <Filter Include="geom\transform">
      <UniqueIdentifier>{0cca950a-667f-43f1-b8d2-e6998279139c}</UniqueIdentifier>
    </Filter>
    <Filter Include="geom\transform\homography">
      <UniqueIdentifier>{76a197a2-8852-431b-b628-d6fa1517a764}</UniqueIdentifier>
    </Filter>
    <Filter Include="geom\r2geometry">
      <UniqueIdentifier>{4caed30e-1612-4eaf-9aea-b06326dc61c6}</UniqueIdentifier>
    </Filter>
    <Filter Include="geom\p2geometry">
      <UniqueIdentifier>{ca57dab3-33c0-4229-adc6-288bf12c8392}</UniqueIdentifier>
    </Filter>
    <Filter Include="geom\grid">
      <UniqueIdentifier>{44d317e4-e677-4187-ba72-b35ef26f00e3}</UniqueIdentifier>
    </Filter>
    <Filter Include="geom\r1geometry">
      <UniqueIdentifier>{882f1601-9ebf-47e5-8f2b-0e2890e9dc19}</UniqueIdentifier>
    </Filter>
    <Filter Include="geom\r3geometry">
      <UniqueIdentifier>{e1ed3b0c-7fd7-4392-9620-8399eb61a01d}</UniqueIdentifier>
    </Filter>
    <Filter Include="data">
      <UniqueIdentifier>{475dd24c-6d14-4da9-959b-31f372a40eea}</UniqueIdentifier>
    </Filter>
    <Filter Include="dynamic">
      <UniqueIdentifier>{2ba4f6e5-284c-4843-9e28-c801d74c0313}</UniqueIdentifier>
    </Filter>
    <Filter Include="debug">
      <UniqueIdentifier>{cbffb8b3-4b9b-4a79-b06a-54cd5f97cb63}</UniqueIdentifier>
    </Filter>
    <Filter Include="streams">
      <UniqueIdentifier>{3fb55f06-95eb-4c11-8ff0-89dab49a53cf}</UniqueIdentifier>
    </Filter>
    <Filter Include="files">
      <UniqueIdentifier>{23b8ee6f-cbc5-444b-8d58-dde5442720e6}</UniqueIdentifier>
    </Filter>
    <Filter Include="numeric">
      <UniqueIdentifier>{6305adc6-4e1d-4049-9a12-b1a38b0d5e4e}</UniqueIdentifier>
    </Filter>
  </ItemGroup>
  <ItemGroup>
    <ClInclude Include="..\..\code\exttype\arrayn.h">
      <Filter>exttype</Filter>
    </ClInclude>
    <ClInclude Include="..\..\code\exttype\arrays.h">
      <Filter>exttype</Filter>
    </ClInclude>
    <ClInclude Include="..\..\code\exttype\convolution.h">
      <Filter>exttype</Filter>
    </ClInclude>
    <ClInclude Include="..\..\code\exttype\fixed_vect.h">
      <Filter>exttype</Filter>
    </ClInclude>
    <ClInclude Include="..\..\code\exttype\intn.h">
      <Filter>exttype</Filter>
    </ClInclude>
    <ClInclude Include="..\..\code\exttype\itern.h">
      <Filter>exttype</Filter>
    </ClInclude>
    <ClInclude Include="..\..\code\exttype\ivector.h">
      <Filter>exttype</Filter>
    </ClInclude>
    <ClInclude Include="..\..\code\exttype\minmax.h">
      <Filter>exttype</Filter>
    </ClInclude>
    <ClInclude Include="..\..\code\exttype\pvect.h">
      <Filter>exttype</Filter>
    </ClInclude>
    <ClInclude Include="..\..\code\geom\geom.h">
      <Filter>geom</Filter>
    </ClInclude>
    <ClInclude Include="..\..\code\geom\imatrix.h">
      <Filter>geom</Filter>
    </ClInclude>
    <ClInclude Include="..\..\code\geom\math.h">
      <Filter>geom</Filter>
    </ClInclude>
    <ClInclude Include="..\..\code\geom\nmmatrix.h">
      <Filter>geom</Filter>
    </ClInclude>
    <ClInclude Include="..\..\code\geom\vectn.h">
      <Filter>geom</Filter>
    </ClInclude>
    <ClInclude Include="..\..\code\geom\Zn.h">
      <Filter>geom</Filter>
    </ClInclude>
    <ClInclude Include="..\..\code\geom\transform\homography\homography.h">
      <Filter>geom\transform\homography</Filter>
    </ClInclude>
    <ClInclude Include="..\..\code\geom\transform\homography\hvect.h">
      <Filter>geom\transform\homography</Filter>
    </ClInclude>
    <ClInclude Include="..\..\code\geom\r2geometry\convexpoly.h">
      <Filter>geom\r2geometry</Filter>
    </ClInclude>
    <ClInclude Include="..\..\code\geom\r2geometry\r2geometry.h">
      <Filter>geom\r2geometry</Filter>
    </ClInclude>
    <ClInclude Include="..\..\code\geom\r2geometry\r2grid.h">
      <Filter>geom\r2geometry</Filter>
    </ClInclude>
    <ClInclude Include="..\..\code\geom\r2geometry\vect2.h">
      <Filter>geom\r2geometry</Filter>
    </ClInclude>
    <ClInclude Include="..\..\code\geom\p2geometry\hpoly.h">
      <Filter>geom\p2geometry</Filter>
    </ClInclude>
    <ClInclude Include="..\..\code\geom\grid\grid.h">
      <Filter>geom\grid</Filter>
    </ClInclude>
    <ClInclude Include="..\..\code\geom\r1geometry\r1geometry.h">
      <Filter>geom\r1geometry</Filter>
    </ClInclude>
    <ClInclude Include="..\..\code\geom\r3geometry\flatpoly.h">
      <Filter>geom\r3geometry</Filter>
    </ClInclude>
    <ClInclude Include="..\..\code\geom\r3geometry\vect3.h">
      <Filter>geom\r3geometry</Filter>
    </ClInclude>
    <ClInclude Include="..\..\code\data\dataset.h">
      <Filter>data</Filter>
    </ClInclude>
    <ClInclude Include="..\..\code\data\grid_topology.h">
      <Filter>data</Filter>
    </ClInclude>
    <ClInclude Include="..\..\code\data\indexset.h">
      <Filter>data</Filter>
    </ClInclude>
    <ClInclude Include="..\..\code\dynamic\array_allocator.h">
      <Filter>dynamic</Filter>
    </ClInclude>
    <ClInclude Include="..\..\code\dynamic\block_allocator.h">
      <Filter>dynamic</Filter>
    </ClInclude>
    <ClInclude Include="..\..\code\dynamic\buffer.h">
      <Filter>dynamic</Filter>
    </ClInclude>
    <ClInclude Include="..\..\code\dynamic\fixed_array1.h">
      <Filter>dynamic</Filter>
    </ClInclude>
    <ClInclude Include="..\..\code\dynamic\fixed_array2.h">
      <Filter>dynamic</Filter>
    </ClInclude>
    <ClInclude Include="..\..\code\debug\except.h">
      <Filter>debug</Filter>
    </ClInclude>
    <ClInclude Include="..\..\code\debug\logs.h">
      <Filter>debug</Filter>
    </ClInclude>
    <ClInclude Include="..\..\code\debug\msvcdebug.h">
      <Filter>debug</Filter>
    </ClInclude>
    <ClInclude Include="..\..\code\debug\performance.h">
      <Filter>debug</Filter>
    </ClInclude>
    <ClInclude Include="..\..\code\streams\xstringstream.h">
      <Filter>streams</Filter>
    </ClInclude>
    <ClInclude Include="..\..\code\files\xfs.h">
      <Filter>files</Filter>
    </ClInclude>
    <ClInclude Include="..\..\code\numeric\fixed_point.h">
      <Filter>numeric</Filter>
    </ClInclude>
    <ClInclude Include="..\..\code\exttype\grid_topology.h" />
  </ItemGroup>
  <ItemGroup>
    <ClCompile Include="..\..\code\exttype\pvect.cpp">
      <Filter>exttype</Filter>
    </ClCompile>
    <ClCompile Include="..\..\code\geom\math.cpp">
      <Filter>geom</Filter>
    </ClCompile>
    <ClCompile Include="..\..\code\geom\vectn.cpp">
      <Filter>geom</Filter>
    </ClCompile>
    <ClCompile Include="..\..\code\geom\transform\homography\homography.cpp">
      <Filter>geom\transform\homography</Filter>
    </ClCompile>
    <ClCompile Include="..\..\code\geom\transform\homography\hvect.cpp">
      <Filter>geom\transform\homography</Filter>
    </ClCompile>
    <ClCompile Include="..\..\code\geom\r2geometry\r2geometry.cpp">
      <Filter>geom\r2geometry</Filter>
    </ClCompile>
    <ClCompile Include="..\..\code\geom\r2geometry\r2grid.cpp">
      <Filter>geom\r2geometry</Filter>
    </ClCompile>
    <ClCompile Include="..\..\code\geom\r2geometry\vect2.cpp">
      <Filter>geom\r2geometry</Filter>
    </ClCompile>
    <ClCompile Include="..\..\code\geom\grid\grid.cpp">
      <Filter>geom\grid</Filter>
    </ClCompile>
    <ClCompile Include="..\..\code\geom\r1geometry\r1geometry.cpp">
      <Filter>geom\r1geometry</Filter>
    </ClCompile>
    <ClCompile Include="..\..\code\geom\r3geometry\vect3.cpp">
      <Filter>geom\r3geometry</Filter>
    </ClCompile>
    <ClCompile Include="..\..\code\data\dataset.cpp">
      <Filter>data</Filter>
    </ClCompile>
    <ClCompile Include="..\..\code\dynamic\block_allocator.cpp">
      <Filter>dynamic</Filter>
    </ClCompile>
    <ClCompile Include="..\..\code\debug\logs.cpp">
      <Filter>debug</Filter>
    </ClCompile>
    <ClCompile Include="..\..\code\debug\msvcdebug.cpp">
      <Filter>debug</Filter>
    </ClCompile>
    <ClCompile Include="..\..\code\debug\performance.cpp">
      <Filter>debug</Filter>
    </ClCompile>
    <ClCompile Include="..\..\code\streams\xstringstream.cpp">
      <Filter>streams</Filter>
    </ClCompile>
    <ClCompile Include="..\..\code\files\xfs.cpp">
      <Filter>files</Filter>
    </ClCompile>
    <ClCompile Include="..\..\code\numeric\fixed_point.cpp">
      <Filter>numeric</Filter>
    </ClCompile>
    <ClCompile Include="exttype-test.cpp" />
  </ItemGroup>
</Project>